<?xml version="1.0" encoding="utf-8"?>
<Project ToolsVersion="4.0" xmlns="http://schemas.microsoft.com/developer/msbuild/2003">
  <ItemGroup>
    <Filter Include="Source Files">
      <UniqueIdentifier>{4FC737F1-C7A5-4376-A066-2A32D752A2FF}</UniqueIdentifier>
      <Extensions>cpp;c;cc;cxx;def;odl;idl;hpj;bat;asm;asmx</Extensions>
    </Filter>
    <Filter Include="Header Files">
      <UniqueIdentifier>{93995380-89BD-4b04-88EB-625FBE52EBFB}</UniqueIdentifier>
      <Extensions>h;hh;hpp;hxx;hm;inl;inc;xsd</Extensions>
    </Filter>
    <Filter Include="Resource Files">
      <UniqueIdentifier>{67DA6AB6-F800-4c08-8B7A-83BB121AAD01}</UniqueIdentifier>
      <Extensions>rc;ico;cur;bmp;dlg;rc2;rct;bin;rgs;gif;jpg;jpeg;jpe;resx;tiff;tif;png;wav;mfcribbon-ms</Extensions>
    </Filter>
    <Filter Include="Header Files\detail">
      <UniqueIdentifier>{505e0c0b-a010-4b60-a982-e6faa93c8235}</UniqueIdentifier>
    </Filter>
    <Filter Include="Source Files\detail">
      <UniqueIdentifier>{eda0fbbd-cbac-4fd0-86f4-cac941c937a2}</UniqueIdentifier>
    </Filter>
    <Filter Include="Header Files\cards">
      <UniqueIdentifier>{c30b7e26-834f-4f53-8df4-515a8e608a96}</UniqueIdentifier>
    </Filter>
    <Filter Include="Source Files\cards">
      <UniqueIdentifier>{3e5c31b5-743f-4ed7-b1c1-e26d919aa0ce}</UniqueIdentifier>
    </Filter>
    <Filter Include="Header Files\map">
      <UniqueIdentifier>{00c8b4d6-3e62-4cec-9b51-5f718f39693c}</UniqueIdentifier>
    </Filter>
    <Filter Include="Source Files\map">
      <UniqueIdentifier>{9a0efd97-9dc8-4e68-822c-6fd300652cd4}</UniqueIdentifier>
    </Filter>
    <Filter Include="Header Files\players">
      <UniqueIdentifier>{a7cb60ac-c2cc-4baa-9a44-fdeac7370cca}</UniqueIdentifier>
    </Filter>
    <Filter Include="Source Files\players">
      <UniqueIdentifier>{f51befd0-d498-4ea9-8d74-e541be4f055d}</UniqueIdentifier>
    </Filter>
    <Filter Include="Header Files\actions">
      <UniqueIdentifier>{71fb5baf-805e-464f-b99e-c6ade33605a6}</UniqueIdentifier>
    </Filter>
    <Filter Include="Source Files\actions">
      <UniqueIdentifier>{69b571e8-ec9d-4e22-84b9-6fd8f2916188}</UniqueIdentifier>
    </Filter>
  </ItemGroup>
  <ItemGroup>
    <Text Include="ReadMe.txt" />
  </ItemGroup>
  <ItemGroup>
    <ClInclude Include="stdafx.h">
      <Filter>Header Files</Filter>
    </ClInclude>
    <ClInclude Include="targetver.h">
      <Filter>Header Files</Filter>
    </ClInclude>
    <ClInclude Include="detail\Graph.h">
      <Filter>Header Files\detail</Filter>
    </ClInclude>
    <ClInclude Include="detail\Factory.h">
      <Filter>Header Files\detail</Filter>
    </ClInclude>
    <ClInclude Include="SaveLoadManager.h">
      <Filter>Header Files</Filter>
    </ClInclude>
    <ClInclude Include="common.h">
      <Filter>Header Files</Filter>
    </ClInclude>
    <ClInclude Include="Object.h">
      <Filter>Header Files</Filter>
    </ClInclude>
    <ClInclude Include="Card.h">
      <Filter>Header Files\cards</Filter>
    </ClInclude>
    <ClInclude Include="Map.h">
      <Filter>Header Files\map</Filter>
    </ClInclude>
    <ClInclude Include="Region.h">
      <Filter>Header Files\map</Filter>
    </ClInclude>
    <ClInclude Include="City.h">
      <Filter>Header Files\map</Filter>
    </ClInclude>
    <ClInclude Include="ReferenceCard.h">
      <Filter>Header Files\cards</Filter>
    </ClInclude>
    <ClInclude Include="Player.h">
      <Filter>Header Files\players</Filter>
    </ClInclude>
    <ClInclude Include="Role.h">
      <Filter>Header Files\players</Filter>
    </ClInclude>
    <ClInclude Include="PlayerBase.h">
      <Filter>Header Files\players</Filter>
    </ClInclude>
    <ClInclude Include="ActionBase.h">
      <Filter>Header Files\actions</Filter>
    </ClInclude>
    <ClInclude Include="ActionHandler.h">
      <Filter>Header Files\actions</Filter>
    </ClInclude>
    <ClInclude Include="Move.h">
      <Filter>Header Files\actions</Filter>
    </ClInclude>
    <ClInclude Include="EventCard.h">
      <Filter>Header Files\cards</Filter>
    </ClInclude>
    <ClInclude Include="detail\Deck.h">
      <Filter>Header Files\detail</Filter>
    </ClInclude>
    <ClInclude Include="CityCard.h">
      <Filter>Header Files\cards</Filter>
    </ClInclude>
    <ClInclude Include="InfectionCard.h">
      <Filter>Header Files\cards</Filter>
    </ClInclude>
    <ClInclude Include="EpidemicCard.h">
      <Filter>Header Files\cards</Filter>
    </ClInclude>
    <ClInclude Include="misc.h">
      <Filter>Header Files</Filter>
    </ClInclude>
    <ClInclude Include="Settings.h">
      <Filter>Header Files</Filter>
    </ClInclude>
    <ClInclude Include="Disease.h">
      <Filter>Header Files</Filter>
    </ClInclude>
    <ClInclude Include="Data.h">
      <Filter>Header Files</Filter>
    </ClInclude>
    <ClInclude Include="Game.h">
      <Filter>Header Files</Filter>
    </ClInclude>
    <ClInclude Include="Infect.h">
      <Filter>Header Files\actions</Filter>
    </ClInclude>
    <ClInclude Include="Outbreak.h">
      <Filter>Header Files\actions</Filter>
    </ClInclude>
  </ItemGroup>
  <ItemGroup>
    <ClCompile Include="stdafx.cpp">
      <Filter>Source Files</Filter>
    </ClCompile>
    <ClCompile Include="comp345-proj.cpp">
      <Filter>Source Files</Filter>
    </ClCompile>
    <ClCompile Include="detail\Graph.cpp">
      <Filter>Source Files\detail</Filter>
    </ClCompile>
    <ClCompile Include="detail\Factory.cpp">
      <Filter>Source Files\detail</Filter>
    </ClCompile>
    <ClCompile Include="SaveLoadManager.cpp">
      <Filter>Source Files</Filter>
    </ClCompile>
    <ClCompile Include="Game.cpp">
      <Filter>Source Files</Filter>
    </ClCompile>
    <ClCompile Include="Object.cpp">
      <Filter>Source Files</Filter>
    </ClCompile>
    <ClCompile Include="Card.cpp">
      <Filter>Source Files\cards</Filter>
    </ClCompile>
    <ClCompile Include="City.cpp">
      <Filter>Source Files\map</Filter>
    </ClCompile>
    <ClCompile Include="Map.cpp">
      <Filter>Source Files\map</Filter>
    </ClCompile>
    <ClCompile Include="Region.cpp">
      <Filter>Source Files\map</Filter>
    </ClCompile>
    <ClCompile Include="ReferenceCard.cpp">
      <Filter>Source Files\cards</Filter>
    </ClCompile>
    <ClCompile Include="Player.cpp">
      <Filter>Source Files\players</Filter>
    </ClCompile>
    <ClCompile Include="PlayerBase.cpp">
      <Filter>Source Files\players</Filter>
    </ClCompile>
    <ClCompile Include="Role.cpp">
      <Filter>Source Files\players</Filter>
    </ClCompile>
    <ClCompile Include="ActionBase.cpp">
      <Filter>Source Files\actions</Filter>
    </ClCompile>
    <ClCompile Include="ActionHandler.cpp">
      <Filter>Source Files\actions</Filter>
    </ClCompile>
    <ClCompile Include="Move.cpp">
      <Filter>Source Files\actions</Filter>
    </ClCompile>
    <ClCompile Include="EventCard.cpp">
      <Filter>Source Files\cards</Filter>
    </ClCompile>
    <ClCompile Include="detail\Deck.cpp">
      <Filter>Source Files\detail</Filter>
    </ClCompile>
    <ClCompile Include="CityCard.cpp">
      <Filter>Source Files\cards</Filter>
    </ClCompile>
    <ClCompile Include="EpidemicCard.cpp">
      <Filter>Source Files\cards</Filter>
    </ClCompile>
    <ClCompile Include="InfectionCard.cpp">
      <Filter>Source Files\cards</Filter>
    </ClCompile>
    <ClCompile Include="Settings.cpp">
      <Filter>Source Files</Filter>
    </ClCompile>
    <ClCompile Include="Disease.cpp">
      <Filter>Source Files</Filter>
    </ClCompile>
    <ClCompile Include="Data.cpp">
      <Filter>Source Files</Filter>
    </ClCompile>
    <ClCompile Include="Infect.cpp">
      <Filter>Source Files\actions</Filter>
    </ClCompile>
    <ClCompile Include="Outbreak.cpp">
      <Filter>Source Files\actions</Filter>
    </ClCompile>
  </ItemGroup>
</Project>